
Microsoft Visual Studio Solution File, Format Version 12.00
# Visual Studio Version 17
VisualStudioVersion = 17.8.34316.72
MinimumVisualStudioVersion = 10.0.40219.1
Project("{FAE04EC0-301F-11D3-BF4B-00C04F79EFBC}") = "ShoppingMvc", "ShoppingMvc\ShoppingMvc.csproj", "{8208DBD9-AAF3-452D-90C4-CD57F32B75FE}"
EndProject
Global
	GlobalSection(SolutionConfigurationPlatforms) = preSolution
		Debug|Any CPU = Debug|Any CPU
		Release|Any CPU = Release|Any CPU
	EndGlobalSection
	GlobalSection(ProjectConfigurationPlatforms) = postSolution
		{8208DBD9-AAF3-452D-90C4-CD57F32B75FE}.Debug|Any CPU.ActiveCfg = Debug|Any CPU
		{8208DBD9-AAF3-452D-90C4-CD57F32B75FE}.Debug|Any CPU.Build.0 = Debug|Any CPU
		{8208DBD9-AAF3-452D-90C4-CD57F32B75FE}.Release|Any CPU.ActiveCfg = Release|Any CPU
		{8208DBD9-AAF3-452D-90C4-CD57F32B75FE}.Release|Any CPU.Build.0 = Release|Any CPU
	EndGlobalSection
	GlobalSection(SolutionProperties) = preSolution
		HideSolutionNode = FALSE
	EndGlobalSection
	GlobalSection(ExtensibilityGlobals) = postSolution
		SolutionGuid = {14AEAC68-8A0B-44F2-BB30-2BA4174A3E6E}
	EndGlobalSection
EndGlobal
